{
  "lockfile_version": "1",
  "packages": {
    "bpftrace": {
      "resolved": "github:NixOS/nixpkgs/ac055f38c798b0d87695240c7b761b82fc7e5bc2?narHash=sha256-trTtk3WTOHz7hSw89xIIvahkgoFJYQ0G43IlqprFoMA%3D#bpftrace",
      "source": "nixpkg",
      "systems": {
        "x86_64-linux": {
          "outputs": [
            {
              "path": "/nix/store/2g3s2wiwydvbzy7nlv9xw80pcqjqfdv3-bpftrace-0.24.2",
              "default": true
            },
            {
              "name": "man",
              "path": "/nix/store/7qhhsr8kbi0ax4r39kga50vzy0ciww6f-bpftrace-0.24.2-man",
              "default": true
            }
          ]
        }
      }
    },
    "fio": {
      "resolved": "github:NixOS/nixpkgs/ac055f38c798b0d87695240c7b761b82fc7e5bc2?narHash=sha256-trTtk3WTOHz7hSw89xIIvahkgoFJYQ0G43IlqprFoMA%3D#fio",
      "source": "nixpkg",
      "systems": {
        "x86_64-linux": {
          "outputs": [
            {
              "path": "/nix/store/94nrrmimvs93jp1rvv4vffq1cam8wmsn-fio-3.41",
              "default": true
            }
          ]
        }
      }
    },
    "github:NixOS/nixpkgs/nixpkgs-unstable": {
      "last_modified": "2026-02-19T06:30:45Z",
      "resolved": "github:NixOS/nixpkgs/724cf38d99ba81fbb4a347081db93e2e3a9bc2ae?lastModified=1771482645&narHash=sha256-MpAKyXfJRDTgRU33Hja%2BG%2B3h9ywLAJJNRq4Pjbb4dQs%3D"
    },
    "python314Packages.pip": {
      "resolved": "github:NixOS/nixpkgs/ac055f38c798b0d87695240c7b761b82fc7e5bc2?narHash=sha256-trTtk3WTOHz7hSw89xIIvahkgoFJYQ0G43IlqprFoMA%3D#python314Packages.pip",
      "source": "nixpkg",
      "systems": {
        "x86_64-linux": {
          "outputs": [
            {
              "name": "man",
              "path": "/nix/store/hway1fnhzpq8hzkn5fmz6wwdrn2fcqfb-python3.14-pip-25.3-man",
              "default": true
            },
            {
              "path": "/nix/store/zj0wzy5ga7h4arwh5iy6cvnr9lwlal6c-python3.14-pip-25.3",
              "default": true
            }
          ]
        }
      }
    },
    "python@3.14": {
      "last_modified": "2026-01-23T17:20:52Z",
      "plugin_version": "0.0.4",
      "resolved": "github:NixOS/nixpkgs/a1bab9e494f5f4939442a57a58d0449a109593fe#python314",
      "source": "devbox-search",
      "version": "3.14.2",
      "systems": {
        "aarch64-darwin": {
          "outputs": [
            {
              "name": "out",
              "path": "/nix/store/8bwmgvfcyys3kfia055ih7gask3fid7s-python3-3.14.2",
              "default": true
            }
          ],
          "store_path": "/nix/store/8bwmgvfcyys3kfia055ih7gask3fid7s-python3-3.14.2"
        },
        "aarch64-linux": {
          "outputs": [
            {
              "name": "out",
              "path": "/nix/store/9zj2a40gbfh9scynfmfs1s9wx2q01yv3-python3-3.14.2",
              "default": true
            },
            {
              "name": "debug",
              "path": "/nix/store/j8ryg1l3z8ibf9rn848y1vll0f0wcab7-python3-3.14.2-debug"
            }
          ],
          "store_path": "/nix/store/9zj2a40gbfh9scynfmfs1s9wx2q01yv3-python3-3.14.2"
        },
        "x86_64-darwin": {
          "outputs": [
            {
              "name": "out",
              "path": "/nix/store/0mnhsagxg8cp6cr9g0fz2dihw469ih8s-python3-3.14.2",
              "default": true
            }
          ],
          "store_path": "/nix/store/0mnhsagxg8cp6cr9g0fz2dihw469ih8s-python3-3.14.2"
        },
        "x86_64-linux": {
          "outputs": [
            {
              "name": "out",
              "path": "/nix/store/hd3h6gjpy7pf5himwf8sfqb3108pz5ld-python3-3.14.2",
              "default": true
            },
            {
              "name": "debug",
              "path": "/nix/store/2wvc4f32yycchbip56mlxixjm2sdzw2y-python3-3.14.2-debug"
            }
          ],
          "store_path": "/nix/store/hd3h6gjpy7pf5himwf8sfqb3108pz5ld-python3-3.14.2"
        }
      }
    },
    "sysstat": {
      "resolved": "github:NixOS/nixpkgs/ac055f38c798b0d87695240c7b761b82fc7e5bc2?narHash=sha256-trTtk3WTOHz7hSw89xIIvahkgoFJYQ0G43IlqprFoMA%3D#sysstat",
      "source": "nixpkg",
      "systems": {
        "x86_64-linux": {
          "outputs": [
            {
              "path": "/nix/store/cp7chgf3z9z14hf9gbz2358h3k8h5y56-sysstat-12.7.7",
              "default": true
            },
            {
              "name": "man",
              "path": "/nix/store/grkslvxrckhmvb91ai5a7s9k18l84xja-sysstat-12.7.7-man",
              "default": true
            }
          ]
        }
      }
    }
  }
}
